<?xml version="1.0" encoding="utf-8"?>
<Project ToolsVersion="4.0" xmlns="http://schemas.microsoft.com/developer/msbuild/2003">
  <ItemGroup>
    <Filter Include="StableFluids">
      <UniqueIdentifier>{88bc703d-b646-4d6e-a388-a7c6af925d7e}</UniqueIdentifier>
    </Filter>
    <Filter Include="SPH">
      <UniqueIdentifier>{a91a835f-bbb3-42c8-ae1d-6efaa5943568}</UniqueIdentifier>
    </Filter>
    <Filter Include="App">
      <UniqueIdentifier>{5aad71fd-2cc8-4bc3-9426-98c1065291a9}</UniqueIdentifier>
    </Filter>
    <Filter Include="Buffer">
      <UniqueIdentifier>{87d1a468-b8da-40c1-a82d-cb2d697a75c1}</UniqueIdentifier>
    </Filter>
    <Filter Include="GameFamework">
      <UniqueIdentifier>{06f065ce-1c91-481e-bcfa-dc43b62ef4b6}</UniqueIdentifier>
    </Filter>
    <Filter Include="PBR">
      <UniqueIdentifier>{1b090650-8c6a-4f31-bc7c-2ba05c4f5662}</UniqueIdentifier>
    </Filter>
    <Filter Include="Engine">
      <UniqueIdentifier>{ba981bf4-f1e1-4923-9070-4e25a6d0d488}</UniqueIdentifier>
    </Filter>
    <Filter Include="_cpp">
      <UniqueIdentifier>{4FC737F1-C7A5-4376-A066-2A32D752A2FF}</UniqueIdentifier>
      <Extensions>cpp;c;cc;cxx;c++;cppm;ixx;def;odl;idl;hpj;bat;asm;asmx</Extensions>
    </Filter>
    <Filter Include="_h">
      <UniqueIdentifier>{93995380-89BD-4b04-88EB-625FBE52EBFB}</UniqueIdentifier>
      <Extensions>h;hh;hpp;hxx;h++;hm;inl;inc;ipp;xsd</Extensions>
    </Filter>
    <Filter Include="AssetManager">
      <UniqueIdentifier>{1237e0ea-d42c-4640-b03a-f0a2366cf3d6}</UniqueIdentifier>
    </Filter>
  </ItemGroup>
  <ItemGroup>
    <ClCompile Include="Timer.cpp">
      <Filter>_cpp</Filter>
    </ClCompile>
    <ClCompile Include="StaticMesh.cpp">
      <Filter>_cpp</Filter>
    </ClCompile>
    <ClCompile Include="Renderer.cpp">
      <Filter>_cpp</Filter>
    </ClCompile>
    <ClCompile Include="PipelineState.cpp">
      <Filter>_cpp</Filter>
    </ClCompile>
    <ClCompile Include="GraphicsCommon.cpp">
      <Filter>_cpp</Filter>
    </ClCompile>
    <ClCompile Include="Utility.cpp">
      <Filter>_cpp</Filter>
    </ClCompile>
    <ClCompile Include="RootSignature.cpp">
      <Filter>_cpp</Filter>
    </ClCompile>
    <ClCompile Include="GeometryGenerator.cpp">
      <Filter>_cpp</Filter>
    </ClCompile>
    <ClCompile Include="Camera.cpp">
      <Filter>_cpp</Filter>
    </ClCompile>
    <ClCompile Include="SEngineMouse.cpp">
      <Filter>_cpp</Filter>
    </ClCompile>
    <ClCompile Include="BaseApp.cpp">
      <Filter>App</Filter>
    </ClCompile>
    <ClCompile Include="main.cpp">
      <Filter>App</Filter>
    </ClCompile>
    <ClCompile Include="SimpleApp.cpp">
      <Filter>App</Filter>
    </ClCompile>
    <ClCompile Include="StableFluids\StableFluids.cpp">
      <Filter>StableFluids</Filter>
    </ClCompile>
    <ClCompile Include="SPH\SPH.cpp">
      <Filter>SPH</Filter>
    </ClCompile>
    <ClCompile Include="Texture2D.cpp">
      <Filter>Buffer</Filter>
    </ClCompile>
    <ClCompile Include="GameFramework\CameraComponent.cpp">
      <Filter>GameFamework</Filter>
    </ClCompile>
    <ClCompile Include="GameFramework\CollisionComponent.cpp">
      <Filter>GameFamework</Filter>
    </ClCompile>
    <ClCompile Include="GameFramework\PrimitiveComponent.cpp">
      <Filter>GameFamework</Filter>
    </ClCompile>
    <ClCompile Include="GameFramework\Actor.cpp">
      <Filter>GameFamework</Filter>
    </ClCompile>
    <ClCompile Include="GameFramework\SkinnedMeshComponent.cpp">
      <Filter>GameFamework</Filter>
    </ClCompile>
    <ClCompile Include="GameFramework\StaticMeshComponent.cpp">
      <Filter>GameFamework</Filter>
    </ClCompile>
    <ClCompile Include="GameFramework\ActorComponent.cpp">
      <Filter>GameFamework</Filter>
    </ClCompile>
    <ClCompile Include="GameFramework\SceneComponent.cpp">
      <Filter>GameFamework</Filter>
    </ClCompile>
    <ClCompile Include="Engine\RenderEngine.cpp">
      <Filter>Engine</Filter>
    </ClCompile>
    <ClCompile Include="Engine\World.cpp">
      <Filter>Engine</Filter>
    </ClCompile>
    <ClCompile Include="Engine\Level.cpp">
      <Filter>Engine</Filter>
    </ClCompile>
    <ClCompile Include="AssetManager\ModelLoader.cpp">
      <Filter>AssetManager</Filter>
    </ClCompile>
    <ClCompile Include="AssetManager\TextureLoader.cpp">
      <Filter>AssetManager</Filter>
    </ClCompile>
    <ClCompile Include="DescriptorHeap.cpp">
      <Filter>Buffer</Filter>
    </ClCompile>
    <ClCompile Include="ConstantBuffer.cpp">
      <Filter>Buffer</Filter>
    </ClCompile>
    <ClCompile Include="MeshBatch.cpp">
      <Filter>_cpp</Filter>
    </ClCompile>
    <ClCompile Include="Material.cpp">
      <Filter>_cpp</Filter>
    </ClCompile>
  </ItemGroup>
  <ItemGroup>
    <ClInclude Include="Timer.h">
      <Filter>_h</Filter>
    </ClInclude>
    <ClInclude Include="PipelineState.h">
      <Filter>_h</Filter>
    </ClInclude>
    <ClInclude Include="Utility.h">
      <Filter>_h</Filter>
    </ClInclude>
    <ClInclude Include="Renderer.h">
      <Filter>_h</Filter>
    </ClInclude>
    <ClInclude Include="Mesh.h">
      <Filter>_h</Filter>
    </ClInclude>
    <ClInclude Include="GraphicsCommon.h">
      <Filter>_h</Filter>
    </ClInclude>
    <ClInclude Include="StaticMesh.h">
      <Filter>_h</Filter>
    </ClInclude>
    <ClInclude Include="Vertex.h">
      <Filter>_h</Filter>
    </ClInclude>
    <ClInclude Include="RootSignature.h">
      <Filter>_h</Filter>
    </ClInclude>
    <ClInclude Include="GeometryGenerator.h">
      <Filter>_h</Filter>
    </ClInclude>
    <ClInclude Include="HLSLCompat.h">
      <Filter>_h</Filter>
    </ClInclude>
    <ClInclude Include="DefaultHLSLCompat.h">
      <Filter>_h</Filter>
    </ClInclude>
    <ClInclude Include="GlobalConstant.h">
      <Filter>_h</Filter>
    </ClInclude>
    <ClInclude Include="Camera.h">
      <Filter>_h</Filter>
    </ClInclude>
    <ClInclude Include="SEngineMouse.h">
      <Filter>_h</Filter>
    </ClInclude>
    <ClInclude Include="BaseApp.h">
      <Filter>App</Filter>
    </ClInclude>
    <ClInclude Include="SimpleApp.h">
      <Filter>App</Filter>
    </ClInclude>
    <ClInclude Include="StableFluids\Grid.h">
      <Filter>StableFluids</Filter>
    </ClInclude>
    <ClInclude Include="StableFluids\StableFluids.h">
      <Filter>StableFluids</Filter>
    </ClInclude>
    <ClInclude Include="SPH\Particle.h">
      <Filter>SPH</Filter>
    </ClInclude>
    <ClInclude Include="SPH\SPH.h">
      <Filter>SPH</Filter>
    </ClInclude>
    <ClInclude Include="VertexBuffer.h">
      <Filter>Buffer</Filter>
    </ClInclude>
    <ClInclude Include="IndexBuffer.h">
      <Filter>Buffer</Filter>
    </ClInclude>
    <ClInclude Include="Texture2D.h">
      <Filter>Buffer</Filter>
    </ClInclude>
    <ClInclude Include="GPUBuffer.h">
      <Filter>Buffer</Filter>
    </ClInclude>
    <ClInclude Include="InputHelper.h">
      <Filter>_h</Filter>
    </ClInclude>
    <ClInclude Include="GameFramework\CollisionComponent.h">
      <Filter>GameFamework</Filter>
    </ClInclude>
    <ClInclude Include="GameFramework\PrimitiveComponent.h">
      <Filter>GameFamework</Filter>
    </ClInclude>
    <ClInclude Include="GameFramework\StaticMeshComponent.h">
      <Filter>GameFamework</Filter>
    </ClInclude>
    <ClInclude Include="GameFramework\SceneComponent.h">
      <Filter>GameFamework</Filter>
    </ClInclude>
    <ClInclude Include="GameFramework\Actor.h">
      <Filter>GameFamework</Filter>
    </ClInclude>
    <ClInclude Include="GameFramework\ActorComponent.h">
      <Filter>GameFamework</Filter>
    </ClInclude>
    <ClInclude Include="GameFramework\ActorData.h">
      <Filter>GameFamework</Filter>
    </ClInclude>
    <ClInclude Include="PBR\PBRHLSLCompat.h">
      <Filter>PBR</Filter>
    </ClInclude>
    <ClInclude Include="GameFramework\PhysXMode.h">
      <Filter>GameFamework</Filter>
    </ClInclude>
    <ClInclude Include="GameFramework\Transform.h">
      <Filter>GameFamework</Filter>
    </ClInclude>
    <ClInclude Include="GameFramework\CameraComponent.h">
      <Filter>GameFamework</Filter>
    </ClInclude>
    <ClInclude Include="GameFramework\SkinnedMeshComponent.h">
      <Filter>GameFamework</Filter>
    </ClInclude>
    <ClInclude Include="GameFramework\BlendData.h">
      <Filter>GameFamework</Filter>
    </ClInclude>
    <ClInclude Include="Engine\RenderEngine.h">
      <Filter>Engine</Filter>
    </ClInclude>
    <ClInclude Include="Engine\World.h">
      <Filter>Engine</Filter>
    </ClInclude>
    <ClInclude Include="Engine\Level.h">
      <Filter>Engine</Filter>
    </ClInclude>
    <ClInclude Include="AssetManager\ModelLoader.h">
      <Filter>AssetManager</Filter>
    </ClInclude>
    <ClInclude Include="AssetManager\TextureLoader.h">
      <Filter>AssetManager</Filter>
    </ClInclude>
    <ClInclude Include="AssetManager\Asset.h">
      <Filter>AssetManager</Filter>
    </ClInclude>
    <ClInclude Include="AssetManager\BlendData.h">
      <Filter>AssetManager</Filter>
    </ClInclude>
    <ClInclude Include="DataType.h">
      <Filter>AssetManager</Filter>
    </ClInclude>
    <ClInclude Include="DescriptorHeap.h">
      <Filter>Buffer</Filter>
    </ClInclude>
    <ClInclude Include="ConstantBuffer.h">
      <Filter>Buffer</Filter>
    </ClInclude>
    <ClInclude Include="MeshBatch.h">
      <Filter>_h</Filter>
    </ClInclude>
    <ClInclude Include="Material.h">
      <Filter>_h</Filter>
    </ClInclude>
  </ItemGroup>
  <ItemGroup>
    <FxCompile Include="DefaultVS.hlsl" />
    <FxCompile Include="DefaultPS.hlsl" />
    <FxCompile Include="DefaultCS.hlsl" />
    <FxCompile Include="StableFluids\AdvectionCS.hlsl">
      <Filter>StableFluids</Filter>
    </FxCompile>
    <FxCompile Include="StableFluids\ComputeCurlCS.hlsl">
      <Filter>StableFluids</Filter>
    </FxCompile>
    <FxCompile Include="StableFluids\ComputeDivergenceCS.hlsl">
      <Filter>StableFluids</Filter>
    </FxCompile>
    <FxCompile Include="StableFluids\ComputeFinalVelocityCS.hlsl">
      <Filter>StableFluids</Filter>
    </FxCompile>
    <FxCompile Include="StableFluids\JacobiCS.hlsl">
      <Filter>StableFluids</Filter>
    </FxCompile>
    <FxCompile Include="StableFluids\SourcingCS.hlsl">
      <Filter>StableFluids</Filter>
    </FxCompile>
    <FxCompile Include="StableFluids\VorticityConfinementCS.hlsl">
      <Filter>StableFluids</Filter>
    </FxCompile>
    <FxCompile Include="SPH\AddBlockOffsetsCS.hlsl">
      <Filter>SPH</Filter>
    </FxCompile>
    <FxCompile Include="SPH\ClearCounterCS.hlsl">
      <Filter>SPH</Filter>
    </FxCompile>
    <FxCompile Include="SPH\ComputeDensityCS.hlsl">
      <Filter>SPH</Filter>
    </FxCompile>
    <FxCompile Include="SPH\ComputeForcesCS.hlsl">
      <Filter>SPH</Filter>
    </FxCompile>
    <FxCompile Include="SPH\ComputePressureCS.hlsl">
      <Filter>SPH</Filter>
    </FxCompile>
    <FxCompile Include="SPH\CountingCS.hlsl">
      <Filter>SPH</Filter>
    </FxCompile>
    <FxCompile Include="SPH\ParticleRenderGS.hlsl">
      <Filter>SPH</Filter>
    </FxCompile>
    <FxCompile Include="SPH\ParticleRenderPS.hlsl">
      <Filter>SPH</Filter>
    </FxCompile>
    <FxCompile Include="SPH\ParticleRenderVS.hlsl">
      <Filter>SPH</Filter>
    </FxCompile>
    <FxCompile Include="SPH\ParticleSimulationCS.hlsl">
      <Filter>SPH</Filter>
    </FxCompile>
    <FxCompile Include="SPH\PrefixSumCS.hlsl">
      <Filter>SPH</Filter>
    </FxCompile>
    <FxCompile Include="SPH\ScanBlocksCS.hlsl">
      <Filter>SPH</Filter>
    </FxCompile>
    <FxCompile Include="SPH\ScatterCS.hlsl">
      <Filter>SPH</Filter>
    </FxCompile>
    <FxCompile Include="SPH\SPHSimulationCS.hlsl">
      <Filter>SPH</Filter>
    </FxCompile>
  </ItemGroup>
  <ItemGroup>
    <None Include="packages.config" />
    <None Include="Utility.inl">
      <Filter>_h</Filter>
    </None>
    <None Include="DefaultCommon.hlsli" />
    <None Include="StableFluids\StableFluidsUtility.hlsli">
      <Filter>StableFluids</Filter>
    </None>
    <None Include="SPH\CountingSortCommon.hlsli">
      <Filter>SPH</Filter>
    </None>
    <None Include="SPH\ParticleCommon.hlsli">
      <Filter>SPH</Filter>
    </None>
    <None Include="SPH\SPHUtility.hlsli">
      <Filter>SPH</Filter>
    </None>
    <None Include="StaticMesh.inl">
      <Filter>_h</Filter>
    </None>
    <None Include="VertexBuffer.inl">
      <Filter>Buffer</Filter>
    </None>
    <None Include="IndexBuffer.inl">
      <Filter>Buffer</Filter>
    </None>
    <None Include="GPUBuffer.inl">
      <Filter>Buffer</Filter>
    </None>
    <None Include="AssetManager\Asset.inl">
      <Filter>AssetManager</Filter>
    </None>
    <None Include="ConstantBuffer.inl">
      <Filter>Buffer</Filter>
    </None>
  </ItemGroup>
</Project>